
Microsoft Visual Studio Solution File, Format Version 12.00
# Visual Studio Version 16
VisualStudioVersion = 16.0.32407.337
MinimumVisualStudioVersion = 10.0.40219.1
Project("{9A19103F-16F7-4668-BE54-9A1E7A4F7556}") = "binarySearch", "binarySearch\binarySearch.csproj", "{15D982F8-0167-48DC-837E-2142D27E71EB}"
EndProject
Project("{9A19103F-16F7-4668-BE54-9A1E7A4F7556}") = "hashTableSearch", "hashTableSearch\hashTableSearch.csproj", "{990EF29D-8652-46AE-8B09-230360852344}"
EndProject
Project("{FAE04EC0-301F-11D3-BF4B-00C04F79EFBC}") = "sortSelection", "sortSelection\sortSelection.csproj", "{C6F031F1-3CED-488A-A914-AFF291CBAD08}"
EndProject
Global
	GlobalSection(SolutionConfigurationPlatforms) = preSolution
		Debug|Any CPU = Debug|Any CPU
		Release|Any CPU = Release|Any CPU
	EndGlobalSection
	GlobalSection(ProjectConfigurationPlatforms) = postSolution
		{15D982F8-0167-48DC-837E-2142D27E71EB}.Debug|Any CPU.ActiveCfg = Debug|Any CPU
		{15D982F8-0167-48DC-837E-2142D27E71EB}.Debug|Any CPU.Build.0 = Debug|Any CPU
		{15D982F8-0167-48DC-837E-2142D27E71EB}.Release|Any CPU.ActiveCfg = Release|Any CPU
		{15D982F8-0167-48DC-837E-2142D27E71EB}.Release|Any CPU.Build.0 = Release|Any CPU
		{990EF29D-8652-46AE-8B09-230360852344}.Debug|Any CPU.ActiveCfg = Debug|Any CPU
		{990EF29D-8652-46AE-8B09-230360852344}.Debug|Any CPU.Build.0 = Debug|Any CPU
		{990EF29D-8652-46AE-8B09-230360852344}.Release|Any CPU.ActiveCfg = Release|Any CPU
		{990EF29D-8652-46AE-8B09-230360852344}.Release|Any CPU.Build.0 = Release|Any CPU
		{C6F031F1-3CED-488A-A914-AFF291CBAD08}.Debug|Any CPU.ActiveCfg = Debug|Any CPU
		{C6F031F1-3CED-488A-A914-AFF291CBAD08}.Debug|Any CPU.Build.0 = Debug|Any CPU
		{C6F031F1-3CED-488A-A914-AFF291CBAD08}.Release|Any CPU.ActiveCfg = Release|Any CPU
		{C6F031F1-3CED-488A-A914-AFF291CBAD08}.Release|Any CPU.Build.0 = Release|Any CPU
	EndGlobalSection
	GlobalSection(SolutionProperties) = preSolution
		HideSolutionNode = FALSE
	EndGlobalSection
	GlobalSection(ExtensibilityGlobals) = postSolution
		SolutionGuid = {718D3E50-E86C-4826-881B-57726AE51C94}
	EndGlobalSection
EndGlobal
